
Microsoft Visual Studio Solution File, Format Version 12.00
# Visual Studio Express 2012 for Windows Desktop
Project("{FAE04EC0-301F-11D3-BF4B-00C04F79EFBC}") = "ClientTest", "ClientTest\ClientTest.csproj", "{F38303A0-3532-4AD2-8AA9-78A0FED5C93D}"
EndProject
Project("{2150E333-8FDC-42A3-9474-1A3956D46DE8}") = ".nuget", ".nuget", "{18DE98E8-119A-4CB2-9B52-EE10C277683C}"
	ProjectSection(SolutionItems) = preProject
		.nuget\NuGet.Config = .nuget\NuGet.Config
		.nuget\NuGet.exe = .nuget\NuGet.exe
		.nuget\NuGet.targets = .nuget\NuGet.targets
	EndProjectSection
EndProject
Global
	GlobalSection(SolutionConfigurationPlatforms) = preSolution
		Debug|x86 = Debug|x86
		Release|x86 = Release|x86
	EndGlobalSection
	GlobalSection(ProjectConfigurationPlatforms) = postSolution
		{F38303A0-3532-4AD2-8AA9-78A0FED5C93D}.Debug|x86.ActiveCfg = Debug|x86
		{F38303A0-3532-4AD2-8AA9-78A0FED5C93D}.Debug|x86.Build.0 = Debug|x86
		{F38303A0-3532-4AD2-8AA9-78A0FED5C93D}.Release|x86.ActiveCfg = Release|x86
		{F38303A0-3532-4AD2-8AA9-78A0FED5C93D}.Release|x86.Build.0 = Release|x86
	EndGlobalSection
	GlobalSection(SolutionProperties) = preSolution
		HideSolutionNode = FALSE
	EndGlobalSection
	GlobalSection(MonoDevelopProperties) = preSolution
		StartupItem = ClientTest\ClientTest.csproj
	EndGlobalSection
EndGlobal
